lockfileVersion: '9.0'

settings:
  autoInstallPeers: true
  excludeLinksFromLockfile: false

importers:

  .:
    dependencies:
      h3:
        specifier: 2.0.1-rc.16
        version: 2.0.1-rc.16

packages:

  h3@2.0.1-rc.16:
    resolution: {integrity: sha512-h+pjvyujdo9way8qj6FUbhaQcHlR8FEq65EhTX9ViT5pK8aLj68uFl4hBkF+hsTJAH+H1END2Yv6hTIsabGfag==}
    engines: {node: '>=20.11.1'}
    hasBin: true
    peerDependencies:
      crossws: ^0.4.1
    peerDependenciesMeta:
      crossws:
        optional: true

  rou3@0.8.1:
    resolution: {integrity: sha512-ePa+XGk00/3HuCqrEnK3LxJW7I0SdNg6EFzKUJG73hMAdDcOUC/i/aSz7LSDwLrGr33kal/rqOGydzwl6U7zBA==}

  srvx@0.11.9:
    resolution: {integrity: sha512-97wWJS6F0KTKAhDlHVmBzMvlBOp5FiNp3XrLoodIgYJpXxgG5tE9rX4Pg7s46n2shI4wtEsMATTS1+rI3/ubzA==}
    engines: {node: '>=20.16.0'}
    hasBin: true

snapshots:

  h3@2.0.1-rc.16:
    dependencies:
      rou3: 0.8.1
      srvx: 0.11.9

  rou3@0.8.1: {}

  srvx@0.11.9: {}
